// !$*UTF8*$!
{
	archiveVersion = 1;
	classes = {
	};
	objectVersion = 46;
	objects = {

/* Begin PBXBuildFile section */
		D661EE831CF173E700CC20B0 /* AppDelegate.swift in Sources */ = {isa = PBXBuildFile; fileRef = D661EE821CF173E700CC20B0 /* AppDelegate.swift */; };
		D661EE8C1CF173E700CC20B0 /* Assets.xcassets in Resources */ = {isa = PBXBuildFile; fileRef = D661EE8B1CF173E700CC20B0 /* Assets.xcassets */; };
		D661EE8F1CF173E700CC20B0 /* LaunchScreen.storyboard in Resources */ = {isa = PBXBuildFile; fileRef = D661EE8D1CF173E700CC20B0 /* LaunchScreen.storyboard */; };
		D661EE9A1CF173E700CC20B0 /* TBVPullViewUITests.swift in Sources */ = {isa = PBXBuildFile; fileRef = D661EE991CF173E700CC20B0 /* TBVPullViewUITests.swift */; };
		D661EEA51CF1740700CC20B0 /* Main.storyboard in Resources */ = {isa = PBXBuildFile; fileRef = D661EEA41CF1740700CC20B0 /* Main.storyboard */; };
		D661EEAE1CF1743F00CC20B0 /* UIImage+GifExtension.swift in Sources */ = {isa = PBXBuildFile; fileRef = D661EEA91CF1743F00CC20B0 /* UIImage+GifExtension.swift */; };
		D661EEAF1CF1743F00CC20B0 /* UIImage+GifExtension.swift in Sources */ = {isa = PBXBuildFile; fileRef = D661EEA91CF1743F00CC20B0 /* UIImage+GifExtension.swift */; };
		D661EEB11CF1745500CC20B0 /* TVBViewController.swift in Sources */ = {isa = PBXBuildFile; fileRef = D661EEB01CF1745500CC20B0 /* TVBViewController.swift */; };
		D67FF6E51CF6F3BB00B866BC /* TBVAnimatePullView.swift in Sources */ = {isa = PBXBuildFile; fileRef = D67FF6E31CF6F3BB00B866BC /* TBVAnimatePullView.swift */; };
		D67FF6E61CF6F3BB00B866BC /* TBVPullView.swift in Sources */ = {isa = PBXBuildFile; fileRef = D67FF6E41CF6F3BB00B866BC /* TBVPullView.swift */; };
		D68391C81CF3F79C0054A760 /* 1.gif in Resources */ = {isa = PBXBuildFile; fileRef = D68391C41CF3F79C0054A760 /* 1.gif */; };
		D68391C91CF3F79C0054A760 /* 2.gif in Resources */ = {isa = PBXBuildFile; fileRef = D68391C51CF3F79C0054A760 /* 2.gif */; };
		D68391CA1CF3F79C0054A760 /* 3.gif in Resources */ = {isa = PBXBuildFile; fileRef = D68391C61CF3F79C0054A760 /* 3.gif */; };
		D68391CB1CF3F79C0054A760 /* 4.gif in Resources */ = {isa = PBXBuildFile; fileRef = D68391C71CF3F79C0054A760 /* 4.gif */; };
/* End PBXBuildFile section */

/* Begin PBXContainerItemProxy section */
		D661EE961CF173E700CC20B0 /* PBXContainerItemProxy */ = {
			isa = PBXContainerItemProxy;
			containerPortal = D661EE771CF173E700CC20B0 /* Project object */;
			proxyType = 1;
			remoteGlobalIDString = D661EE7E1CF173E700CC20B0;
			remoteInfo = TBVPullView;
		};
/* End PBXContainerItemProxy section */

/* Begin PBXFileReference section */
		D661EE7F1CF173E700CC20B0 /* TBVPullView.app */ = {isa = PBXFileReference; explicitFileType = wrapper.application; includeInIndex = 0; path = TBVPullView.app; sourceTree = BUILT_PRODUCTS_DIR; };
		D661EE821CF173E700CC20B0 /* AppDelegate.swift */ = {isa = PBXFileReference; lastKnownFileType = sourcecode.swift; path = AppDelegate.swift; sourceTree = "<group>"; };
		D661EE8B1CF173E700CC20B0 /* Assets.xcassets */ = {isa = PBXFileReference; lastKnownFileType = folder.assetcatalog; path = Assets.xcassets; sourceTree = "<group>"; };
		D661EE8E1CF173E700CC20B0 /* Base */ = {isa = PBXFileReference; lastKnownFileType = file.storyboard; name = Base; path = Base.lproj/LaunchScreen.storyboard; sourceTree = "<group>"; };
		D661EE901CF173E700CC20B0 /* Info.plist */ = {isa = PBXFileReference; lastKnownFileType = text.plist.xml; path = Info.plist; sourceTree = "<group>"; };
		D661EE951CF173E700CC20B0 /* TBVPullViewUITests.xctest */ = {isa = PBXFileReference; explicitFileType = wrapper.cfbundle; includeInIndex = 0; path = TBVPullViewUITests.xctest; sourceTree = BUILT_PRODUCTS_DIR; };
		D661EE991CF173E700CC20B0 /* TBVPullViewUITests.swift */ = {isa = PBXFileReference; lastKnownFileType = sourcecode.swift; path = TBVPullViewUITests.swift; sourceTree = "<group>"; };
		D661EE9B1CF173E700CC20B0 /* Info.plist */ = {isa = PBXFileReference; lastKnownFileType = text.plist.xml; path = Info.plist; sourceTree = "<group>"; };
		D661EEA41CF1740700CC20B0 /* Main.storyboard */ = {isa = PBXFileReference; fileEncoding = 4; lastKnownFileType = file.storyboard; path = Main.storyboard; sourceTree = "<group>"; };
		D661EEA91CF1743F00CC20B0 /* UIImage+GifExtension.swift */ = {isa = PBXFileReference; fileEncoding = 4; lastKnownFileType = sourcecode.swift; path = "UIImage+GifExtension.swift"; sourceTree = "<group>"; };
		D661EEB01CF1745500CC20B0 /* TVBViewController.swift */ = {isa = PBXFileReference; fileEncoding = 4; lastKnownFileType = sourcecode.swift; path = TVBViewController.swift; sourceTree = "<group>"; };
		D67FF6E31CF6F3BB00B866BC /* TBVAnimatePullView.swift */ = {isa = PBXFileReference; fileEncoding = 4; lastKnownFileType = sourcecode.swift; path = TBVAnimatePullView.swift; sourceTree = "<group>"; };
		D67FF6E41CF6F3BB00B866BC /* TBVPullView.swift */ = {isa = PBXFileReference; fileEncoding = 4; lastKnownFileType = sourcecode.swift; path = TBVPullView.swift; sourceTree = "<group>"; };
		D68391C41CF3F79C0054A760 /* 1.gif */ = {isa = PBXFileReference; lastKnownFileType = image.gif; path = 1.gif; sourceTree = "<group>"; };
		D68391C51CF3F79C0054A760 /* 2.gif */ = {isa = PBXFileReference; lastKnownFileType = image.gif; path = 2.gif; sourceTree = "<group>"; };
		D68391C61CF3F79C0054A760 /* 3.gif */ = {isa = PBXFileReference; lastKnownFileType = image.gif; path = 3.gif; sourceTree = "<group>"; };
		D68391C71CF3F79C0054A760 /* 4.gif */ = {isa = PBXFileReference; lastKnownFileType = image.gif; path = 4.gif; sourceTree = "<group>"; };
/* End PBXFileReference section */

/* Begin PBXFrameworksBuildPhase section */
		D661EE7C1CF173E700CC20B0 /* Frameworks */ = {
			isa = PBXFrameworksBuildPhase;
			buildActionMask = 2147483647;
			files = (
			);
			runOnlyForDeploymentPostprocessing = 0;
		};
		D661EE921CF173E700CC20B0 /* Frameworks */ = {
			isa = PBXFrameworksBuildPhase;
			buildActionMask = 2147483647;
			files = (
			);
			runOnlyForDeploymentPostprocessing = 0;
		};
/* End PBXFrameworksBuildPhase section */

/* Begin PBXGroup section */
		D661EE761CF173E700CC20B0 = {
			isa = PBXGroup;
			children = (
				D661EE811CF173E700CC20B0 /* TBVPullView */,
				D661EE981CF173E700CC20B0 /* TBVPullViewUITests */,
				D661EE801CF173E700CC20B0 /* Products */,
			);
			sourceTree = "<group>";
		};
		D661EE801CF173E700CC20B0 /* Products */ = {
			isa = PBXGroup;
			children = (
				D661EE7F1CF173E700CC20B0 /* TBVPullView.app */,
				D661EE951CF173E700CC20B0 /* TBVPullViewUITests.xctest */,
			);
			name = Products;
			sourceTree = "<group>";
		};
		D661EE811CF173E700CC20B0 /* TBVPullView */ = {
			isa = PBXGroup;
			children = (
				D68391C31CF3F79C0054A760 /* Resource */,
				D661EEA61CF1743F00CC20B0 /* Classes */,
				D661EE821CF173E700CC20B0 /* AppDelegate.swift */,
				D661EEB01CF1745500CC20B0 /* TVBViewController.swift */,
				D661EEA41CF1740700CC20B0 /* Main.storyboard */,
				D661EE8B1CF173E700CC20B0 /* Assets.xcassets */,
				D661EE8D1CF173E700CC20B0 /* LaunchScreen.storyboard */,
				D661EE901CF173E700CC20B0 /* Info.plist */,
			);
			path = TBVPullView;
			sourceTree = "<group>";
		};
		D661EE981CF173E700CC20B0 /* TBVPullViewUITests */ = {
			isa = PBXGroup;
			children = (
				D661EE991CF173E700CC20B0 /* TBVPullViewUITests.swift */,
				D661EE9B1CF173E700CC20B0 /* Info.plist */,
			);
			path = TBVPullViewUITests;
			sourceTree = "<group>";
		};
		D661EEA61CF1743F00CC20B0 /* Classes */ = {
			isa = PBXGroup;
			children = (
				D67FF6E31CF6F3BB00B866BC /* TBVAnimatePullView.swift */,
				D67FF6E41CF6F3BB00B866BC /* TBVPullView.swift */,
				D661EEA91CF1743F00CC20B0 /* UIImage+GifExtension.swift */,
			);
			path = Classes;
			sourceTree = "<group>";
		};
		D68391C31CF3F79C0054A760 /* Resource */ = {
			isa = PBXGroup;
			children = (
				D68391C41CF3F79C0054A760 /* 1.gif */,
				D68391C51CF3F79C0054A760 /* 2.gif */,
				D68391C61CF3F79C0054A760 /* 3.gif */,
				D68391C71CF3F79C0054A760 /* 4.gif */,
			);
			path = Resource;
			sourceTree = "<group>";
		};
/* End PBXGroup section */

/* Begin PBXNativeTarget section */
		D661EE7E1CF173E700CC20B0 /* TBVPullView */ = {
			isa = PBXNativeTarget;
			buildConfigurationList = D661EE9E1CF173E700CC20B0 /* Build configuration list for PBXNativeTarget "TBVPullView" */;
			buildPhases = (
				D661EE7B1CF173E700CC20B0 /* Sources */,
				D661EE7C1CF173E700CC20B0 /* Frameworks */,
				D661EE7D1CF173E700CC20B0 /* Resources */,
			);
			buildRules = (
			);
			dependencies = (
			);
			name = TBVPullView;
			productName = TBVPullView;
			productReference = D661EE7F1CF173E700CC20B0 /* TBVPullView.app */;
			productType = "com.apple.product-type.application";
		};
		D661EE941CF173E700CC20B0 /* TBVPullViewUITests */ = {
			isa = PBXNativeTarget;
			buildConfigurationList = D661EEA11CF173E700CC20B0 /* Build configuration list for PBXNativeTarget "TBVPullViewUITests" */;
			buildPhases = (
				D661EE911CF173E700CC20B0 /* Sources */,
				D661EE921CF173E700CC20B0 /* Frameworks */,
				D661EE931CF173E700CC20B0 /* Resources */,
			);
			buildRules = (
			);
			dependencies = (
				D661EE971CF173E700CC20B0 /* PBXTargetDependency */,
			);
			name = TBVPullViewUITests;
			productName = TBVPullViewUITests;
			productReference = D661EE951CF173E700CC20B0 /* TBVPullViewUITests.xctest */;
			productType = "com.apple.product-type.bundle.ui-testing";
		};
/* End PBXNativeTarget section */

/* Begin PBXProject section */
		D661EE771CF173E700CC20B0 /* Project object */ = {
			isa = PBXProject;
			attributes = {
				LastSwiftUpdateCheck = 0730;
				LastUpgradeCheck = 0730;
				ORGANIZATIONNAME = tripleCC;
				TargetAttributes = {
					D661EE7E1CF173E700CC20B0 = {
						CreatedOnToolsVersion = 7.3.1;
					};
					D661EE941CF173E700CC20B0 = {
						CreatedOnToolsVersion = 7.3.1;
						TestTargetID = D661EE7E1CF173E700CC20B0;
					};
				};
			};
			buildConfigurationList = D661EE7A1CF173E700CC20B0 /* Build configuration list for PBXProject "TBVPullView" */;
			compatibilityVersion = "Xcode 3.2";
			developmentRegion = English;
			hasScannedForEncodings = 0;
			knownRegions = (
				en,
				Base,
			);
			mainGroup = D661EE761CF173E700CC20B0;
			productRefGroup = D661EE801CF173E700CC20B0 /* Products */;
			projectDirPath = "";
			projectRoot = "";
			targets = (
				D661EE7E1CF173E700CC20B0 /* TBVPullView */,
				D661EE941CF173E700CC20B0 /* TBVPullViewUITests */,
			);
		};
/* End PBXProject section */

/* Begin PBXResourcesBuildPhase section */
		D661EE7D1CF173E700CC20B0 /* Resources */ = {
			isa = PBXResourcesBuildPhase;
			buildActionMask = 2147483647;
			files = (
				D68391CA1CF3F79C0054A760 /* 3.gif in Resources */,
				D661EEA51CF1740700CC20B0 /* Main.storyboard in Resources */,
				D68391C91CF3F79C0054A760 /* 2.gif in Resources */,
				D661EE8F1CF173E700CC20B0 /* LaunchScreen.storyboard in Resources */,
				D68391C81CF3F79C0054A760 /* 1.gif in Resources */,
				D661EE8C1CF173E700CC20B0 /* Assets.xcassets in Resources */,
				D68391CB1CF3F79C0054A760 /* 4.gif in Resources */,
			);
			runOnlyForDeploymentPostprocessing = 0;
		};
		D661EE931CF173E700CC20B0 /* Resources */ = {
			isa = PBXResourcesBuildPhase;
			buildActionMask = 2147483647;
			files = (
			);
			runOnlyForDeploymentPostprocessing = 0;
		};
/* End PBXResourcesBuildPhase section */

/* Begin PBXSourcesBuildPhase section */
		D661EE7B1CF173E700CC20B0 /* Sources */ = {
			isa = PBXSourcesBuildPhase;
			buildActionMask = 2147483647;
			files = (
				D67FF6E61CF6F3BB00B866BC /* TBVPullView.swift in Sources */,
				D661EEB11CF1745500CC20B0 /* TVBViewController.swift in Sources */,
				D661EEAE1CF1743F00CC20B0 /* UIImage+GifExtension.swift in Sources */,
				D67FF6E51CF6F3BB00B866BC /* TBVAnimatePullView.swift in Sources */,
				D661EE831CF173E700CC20B0 /* AppDelegate.swift in Sources */,
			);
			runOnlyForDeploymentPostprocessing = 0;
		};
		D661EE911CF173E700CC20B0 /* Sources */ = {
			isa = PBXSourcesBuildPhase;
			buildActionMask = 2147483647;
			files = (
				D661EEAF1CF1743F00CC20B0 /* UIImage+GifExtension.swift in Sources */,
				D661EE9A1CF173E700CC20B0 /* TBVPullViewUITests.swift in Sources */,
			);
			runOnlyForDeploymentPostprocessing = 0;
		};
/* End PBXSourcesBuildPhase section */

/* Begin PBXTargetDependency section */
		D661EE971CF173E700CC20B0 /* PBXTargetDependency */ = {
			isa = PBXTargetDependency;
			target = D661EE7E1CF173E700CC20B0 /* TBVPullView */;
			targetProxy = D661EE961CF173E700CC20B0 /* PBXContainerItemProxy */;
		};
/* End PBXTargetDependency section */

/* Begin PBXVariantGroup section */
		D661EE8D1CF173E700CC20B0 /* LaunchScreen.storyboard */ = {
			isa = PBXVariantGroup;
			children = (
				D661EE8E1CF173E700CC20B0 /* Base */,
			);
			name = LaunchScreen.storyboard;
			sourceTree = "<group>";
		};
/* End PBXVariantGroup section */

/* Begin XCBuildConfiguration section */
		D661EE9C1CF173E700CC20B0 /* Debug */ = {
			isa = XCBuildConfiguration;
			buildSettings = {
				ALWAYS_SEARCH_USER_PATHS = NO;
				CLANG_ANALYZER_NONNULL = YES;
				CLANG_CXX_LANGUAGE_STANDARD = "gnu++0x";
				CLANG_CXX_LIBRARY = "libc++";
				CLANG_ENABLE_MODULES = YES;
				CLANG_ENABLE_OBJC_ARC = YES;
				CLANG_WARN_BOOL_CONVERSION = YES;
				CLANG_WARN_CONSTANT_CONVERSION = YES;
				CLANG_WARN_DIRECT_OBJC_ISA_USAGE = YES_ERROR;
				CLANG_WARN_EMPTY_BODY = YES;
				CLANG_WARN_ENUM_CONVERSION = YES;
				CLANG_WARN_INT_CONVERSION = YES;
				CLANG_WARN_OBJC_ROOT_CLASS = YES_ERROR;
				CLANG_WARN_UNREACHABLE_CODE = YES;
				CLANG_WARN__DUPLICATE_METHOD_MATCH = YES;
				"CODE_SIGN_IDENTITY[sdk=iphoneos*]" = "iPhone Developer";
				COPY_PHASE_STRIP = NO;
				DEBUG_INFORMATION_FORMAT = dwarf;
				ENABLE_STRICT_OBJC_MSGSEND = YES;
				ENABLE_TESTABILITY = YES;
				GCC_C_LANGUAGE_STANDARD = gnu99;
				GCC_DYNAMIC_NO_PIC = NO;
				GCC_NO_COMMON_BLOCKS = YES;
				GCC_OPTIMIZATION_LEVEL = 0;
				GCC_PREPROCESSOR_DEFINITIONS = (
					"DEBUG=1",
					"$(inherited)",
				);
				GCC_WARN_64_TO_32_BIT_CONVERSION = YES;
				GCC_WARN_ABOUT_RETURN_TYPE = YES_ERROR;
				GCC_WARN_UNDECLARED_SELECTOR = YES;
				GCC_WARN_UNINITIALIZED_AUTOS = YES_AGGRESSIVE;
				GCC_WARN_UNUSED_FUNCTION = YES;
				GCC_WARN_UNUSED_VARIABLE = YES;
				IPHONEOS_DEPLOYMENT_TARGET = 9.3;
				MTL_ENABLE_DEBUG_INFO = YES;
				ONLY_ACTIVE_ARCH = YES;
				SDKROOT = iphoneos;
				SWIFT_OPTIMIZATION_LEVEL = "-Onone";
			};
			name = Debug;
		};
		D661EE9D1CF173E700CC20B0 /* Release */ = {
			isa = XCBuildConfiguration;
			buildSettings = {
				ALWAYS_SEARCH_USER_PATHS = NO;
				CLANG_ANALYZER_NONNULL = YES;
				CLANG_CXX_LANGUAGE_STANDARD = "gnu++0x";
				CLANG_CXX_LIBRARY = "libc++";
				CLANG_ENABLE_MODULES = YES;
				CLANG_ENABLE_OBJC_ARC = YES;
				CLANG_WARN_BOOL_CONVERSION = YES;
				CLANG_WARN_CONSTANT_CONVERSION = YES;
				CLANG_WARN_DIRECT_OBJC_ISA_USAGE = YES_ERROR;
				CLANG_WARN_EMPTY_BODY = YES;
				CLANG_WARN_ENUM_CONVERSION = YES;
				CLANG_WARN_INT_CONVERSION = YES;
				CLANG_WARN_OBJC_ROOT_CLASS = YES_ERROR;
				CLANG_WARN_UNREACHABLE_CODE = YES;
				CLANG_WARN__DUPLICATE_METHOD_MATCH = YES;
				"CODE_SIGN_IDENTITY[sdk=iphoneos*]" = "iPhone Developer";
				COPY_PHASE_STRIP = NO;
				DEBUG_INFORMATION_FORMAT = "dwarf-with-dsym";
				ENABLE_NS_ASSERTIONS = NO;
				ENABLE_STRICT_OBJC_MSGSEND = YES;
				GCC_C_LANGUAGE_STANDARD = gnu99;
				GCC_NO_COMMON_BLOCKS = YES;
				GCC_WARN_64_TO_32_BIT_CONVERSION = YES;
				GCC_WARN_ABOUT_RETURN_TYPE = YES_ERROR;
				GCC_WARN_UNDECLARED_SELECTOR = YES;
				GCC_WARN_UNINITIALIZED_AUTOS = YES_AGGRESSIVE;
				GCC_WARN_UNUSED_FUNCTION = YES;
				GCC_WARN_UNUSED_VARIABLE = YES;
				IPHONEOS_DEPLOYMENT_TARGET = 9.3;
				MTL_ENABLE_DEBUG_INFO = NO;
				SDKROOT = iphoneos;
				VALIDATE_PRODUCT = YES;
			};
			name = Release;
		};
		D661EE9F1CF173E700CC20B0 /* Debug */ = {
			isa = XCBuildConfiguration;
			buildSettings = {
				ASSETCATALOG_COMPILER_APPICON_NAME = AppIcon;
				INFOPLIST_FILE = TBVPullView/Info.plist;
				LD_RUNPATH_SEARCH_PATHS = "$(inherited) @executable_path/Frameworks";
				PRODUCT_BUNDLE_IDENTIFIER = com.triplec.TBVPullView;
				PRODUCT_NAME = "$(TARGET_NAME)";
			};
			name = Debug;
		};
		D661EEA01CF173E700CC20B0 /* Release */ = {
			isa = XCBuildConfiguration;
			buildSettings = {
				ASSETCATALOG_COMPILER_APPICON_NAME = AppIcon;
				INFOPLIST_FILE = TBVPullView/Info.plist;
				LD_RUNPATH_SEARCH_PATHS = "$(inherited) @executable_path/Frameworks";
				PRODUCT_BUNDLE_IDENTIFIER = com.triplec.TBVPullView;
				PRODUCT_NAME = "$(TARGET_NAME)";
			};
			name = Release;
		};
		D661EEA21CF173E700CC20B0 /* Debug */ = {
			isa = XCBuildConfiguration;
			buildSettings = {
				INFOPLIST_FILE = TBVPullViewUITests/Info.plist;
				LD_RUNPATH_SEARCH_PATHS = "$(inherited) @executable_path/Frameworks @loader_path/Frameworks";
				PRODUCT_BUNDLE_IDENTIFIER = com.triplec.TBVPullViewUITests;
				PRODUCT_NAME = "$(TARGET_NAME)";
				TEST_TARGET_NAME = TBVPullView;
			};
			name = Debug;
		};
		D661EEA31CF173E700CC20B0 /* Release */ = {
			isa = XCBuildConfiguration;
			buildSettings = {
				INFOPLIST_FILE = TBVPullViewUITests/Info.plist;
				LD_RUNPATH_SEARCH_PATHS = "$(inherited) @executable_path/Frameworks @loader_path/Frameworks";
				PRODUCT_BUNDLE_IDENTIFIER = com.triplec.TBVPullViewUITests;
				PRODUCT_NAME = "$(TARGET_NAME)";
				TEST_TARGET_NAME = TBVPullView;
			};
			name = Release;
		};
/* End XCBuildConfiguration section */

/* Begin XCConfigurationList section */
		D661EE7A1CF173E700CC20B0 /* Build configuration list for PBXProject "TBVPullView" */ = {
			isa = XCConfigurationList;
			buildConfigurations = (
				D661EE9C1CF173E700CC20B0 /* Debug */,
				D661EE9D1CF173E700CC20B0 /* Release */,
			);
			defaultConfigurationIsVisible = 0;
			defaultConfigurationName = Release;
		};
		D661EE9E1CF173E700CC20B0 /* Build configuration list for PBXNativeTarget "TBVPullView" */ = {
			isa = XCConfigurationList;
			buildConfigurations = (
				D661EE9F1CF173E700CC20B0 /* Debug */,
				D661EEA01CF173E700CC20B0 /* Release */,
			);
			defaultConfigurationIsVisible = 0;
			defaultConfigurationName = Release;
		};
		D661EEA11CF173E700CC20B0 /* Build configuration list for PBXNativeTarget "TBVPullViewUITests" */ = {
			isa = XCConfigurationList;
			buildConfigurations = (
				D661EEA21CF173E700CC20B0 /* Debug */,
				D661EEA31CF173E700CC20B0 /* Release */,
			);
			defaultConfigurationIsVisible = 0;
			defaultConfigurationName = Release;
		};
/* End XCConfigurationList section */
	};
	rootObject = D661EE771CF173E700CC20B0 /* Project object */;
}
